
Microsoft Visual Studio Solution File, Format Version 12.00
# Visual Studio Version 18
VisualStudioVersion = 18.3.11222.16 d18.3
MinimumVisualStudioVersion = 10.0.40219.1
Project("{FAE04EC0-301F-11D3-BF4B-00C04F79EFBC}") = "AccessibilityEngine.AI", "AccessibilityEngine.AI\AccessibilityEngine.AI.csproj", "{6C796311-0273-63C2-A5AC-02EF3F85C610}"
EndProject
Project("{FAE04EC0-301F-11D3-BF4B-00C04F79EFBC}") = "AccessibilityEngine.Core", "AccessibilityEngine.Core\AccessibilityEngine.Core.csproj", "{63059055-7C33-48B1-8B15-0B50C92E65A1}"
EndProject
Project("{FAE04EC0-301F-11D3-BF4B-00C04F79EFBC}") = "AccessibilityEngine.Rules", "AccessibilityEngine.Rules\AccessibilityEngine.Rules.csproj", "{4E42946E-4384-8E58-309D-DCC6BB62DDBF}"
EndProject
Project("{FAE04EC0-301F-11D3-BF4B-00C04F79EFBC}") = "AccessibilityEngine.Functions", "AccessibilityEngine.Functions\AccessibilityEngine.Functions.csproj", "{336C20AC-7D69-4054-A867-333C6FF8B25B}"
EndProject
Project("{2150E333-8FDC-42A3-9474-1A3956D46DE8}") = "Solution Items", "Solution Items", "{24E65A8D-8A71-4F47-A732-805EADC1EDE3}"
	ProjectSection(SolutionItems) = preProject
		..\..\..\Downloads\CanvasAppTest_1_0_0_1.zip = ..\..\..\Downloads\CanvasAppTest_1_0_0_1.zip
	EndProjectSection
EndProject
Project("{FAE04EC0-301F-11D3-BF4B-00C04F79EFBC}") = "AccessibilityEngine.Adapters.PowerApps", "AccessibilityEngine.Adapters.PowerApps\AccessibilityEngine.Adapters.PowerApps.csproj", "{D513107D-8084-CE0F-65C5-20B7BA2331BA}"
EndProject
Global
	GlobalSection(SolutionConfigurationPlatforms) = preSolution
		Debug|Any CPU = Debug|Any CPU
		Release|Any CPU = Release|Any CPU
	EndGlobalSection
	GlobalSection(ProjectConfigurationPlatforms) = postSolution
		{6C796311-0273-63C2-A5AC-02EF3F85C610}.Debug|Any CPU.ActiveCfg = Debug|Any CPU
		{6C796311-0273-63C2-A5AC-02EF3F85C610}.Debug|Any CPU.Build.0 = Debug|Any CPU
		{6C796311-0273-63C2-A5AC-02EF3F85C610}.Release|Any CPU.ActiveCfg = Release|Any CPU
		{6C796311-0273-63C2-A5AC-02EF3F85C610}.Release|Any CPU.Build.0 = Release|Any CPU
		{63059055-7C33-48B1-8B15-0B50C92E65A1}.Debug|Any CPU.ActiveCfg = Debug|Any CPU
		{63059055-7C33-48B1-8B15-0B50C92E65A1}.Debug|Any CPU.Build.0 = Debug|Any CPU
		{63059055-7C33-48B1-8B15-0B50C92E65A1}.Release|Any CPU.ActiveCfg = Release|Any CPU
		{63059055-7C33-48B1-8B15-0B50C92E65A1}.Release|Any CPU.Build.0 = Release|Any CPU
		{4E42946E-4384-8E58-309D-DCC6BB62DDBF}.Debug|Any CPU.ActiveCfg = Debug|Any CPU
		{4E42946E-4384-8E58-309D-DCC6BB62DDBF}.Debug|Any CPU.Build.0 = Debug|Any CPU
		{4E42946E-4384-8E58-309D-DCC6BB62DDBF}.Release|Any CPU.ActiveCfg = Release|Any CPU
		{4E42946E-4384-8E58-309D-DCC6BB62DDBF}.Release|Any CPU.Build.0 = Release|Any CPU
		{336C20AC-7D69-4054-A867-333C6FF8B25B}.Debug|Any CPU.ActiveCfg = Debug|Any CPU
		{336C20AC-7D69-4054-A867-333C6FF8B25B}.Debug|Any CPU.Build.0 = Debug|Any CPU
		{336C20AC-7D69-4054-A867-333C6FF8B25B}.Release|Any CPU.ActiveCfg = Release|Any CPU
		{336C20AC-7D69-4054-A867-333C6FF8B25B}.Release|Any CPU.Build.0 = Release|Any CPU
		{D513107D-8084-CE0F-65C5-20B7BA2331BA}.Debug|Any CPU.ActiveCfg = Debug|Any CPU
		{D513107D-8084-CE0F-65C5-20B7BA2331BA}.Debug|Any CPU.Build.0 = Debug|Any CPU
		{D513107D-8084-CE0F-65C5-20B7BA2331BA}.Release|Any CPU.ActiveCfg = Release|Any CPU
		{D513107D-8084-CE0F-65C5-20B7BA2331BA}.Release|Any CPU.Build.0 = Release|Any CPU
	EndGlobalSection
	GlobalSection(SolutionProperties) = preSolution
		HideSolutionNode = FALSE
	EndGlobalSection
	GlobalSection(ExtensibilityGlobals) = postSolution
		SolutionGuid = {8DD06352-148C-4E72-BF2D-0CA2BE046688}
	EndGlobalSection
EndGlobal
